
Microsoft Visual Studio Solution File, Format Version 12.00
# Visual Studio 2015
Project("{FAE04EC0-301F-11D3-BF4B-00C04F79EFBC}") = "Group Game.CSharp", "Group Game.CSharp.csproj", "{42977767-4F9B-DC95-0BD6-B28B7A0696A6}"
EndProject
Global
	GlobalSection(SolutionConfigurationPlatforms) = preSolution
		Debug|Any CPU = Debug|Any CPU
		Release|Any CPU = Release|Any CPU
	EndGlobalSection
	GlobalSection(ProjectConfigurationPlatforms) = postSolution
		{42977767-4F9B-DC95-0BD6-B28B7A0696A6}.Debug|Any CPU.ActiveCfg = Debug|Any CPU
		{42977767-4F9B-DC95-0BD6-B28B7A0696A6}.Debug|Any CPU.Build.0 = Debug|Any CPU
		{42977767-4F9B-DC95-0BD6-B28B7A0696A6}.Release|Any CPU.ActiveCfg = Release|Any CPU
		{42977767-4F9B-DC95-0BD6-B28B7A0696A6}.Release|Any CPU.Build.0 = Release|Any CPU
	EndGlobalSection
	GlobalSection(SolutionProperties) = preSolution
		HideSolutionNode = FALSE
	EndGlobalSection
EndGlobal
